// !$*UTF8*$!
{
	archiveVersion = 1;
	classes = {
	};
	objectVersion = 51;
	objects = {

/* Begin PBXBuildFile section */
		10425482676DE805797C779B /* Pods_tmdb.framework in Frameworks */ = {isa = PBXBuildFile; fileRef = D3C88427DFEDE64BC1080BE5 /* Pods_tmdb.framework */; };
		7E2A8BB425757FB7001B1FE4 /* AppDelegate.swift in Sources */ = {isa = PBXBuildFile; fileRef = 7E2A8BB325757FB7001B1FE4 /* AppDelegate.swift */; };
		7E2A8BB625757FB7001B1FE4 /* SceneDelegate.swift in Sources */ = {isa = PBXBuildFile; fileRef = 7E2A8BB525757FB7001B1FE4 /* SceneDelegate.swift */; };
		7E2A8BB825757FB7001B1FE4 /* SplashVC.swift in Sources */ = {isa = PBXBuildFile; fileRef = 7E2A8BB725757FB7001B1FE4 /* SplashVC.swift */; };
		7E2A8BBB25757FB7001B1FE4 /* Splash.storyboard in Resources */ = {isa = PBXBuildFile; fileRef = 7E2A8BB925757FB7001B1FE4 /* Splash.storyboard */; };
		7E2A8BBE25757FB7001B1FE4 /* tmdb.xcdatamodeld in Sources */ = {isa = PBXBuildFile; fileRef = 7E2A8BBC25757FB7001B1FE4 /* tmdb.xcdatamodeld */; };
		7E2A8BC025757FBC001B1FE4 /* tmdb.xcassets in Resources */ = {isa = PBXBuildFile; fileRef = 7E2A8BBF25757FBC001B1FE4 /* tmdb.xcassets */; };
		7E2A8BC325757FBC001B1FE4 /* LaunchScreen.storyboard in Resources */ = {isa = PBXBuildFile; fileRef = 7E2A8BC125757FBC001B1FE4 /* LaunchScreen.storyboard */; };
		7E2A8BCE25757FBD001B1FE4 /* tmdbTests.swift in Sources */ = {isa = PBXBuildFile; fileRef = 7E2A8BCD25757FBD001B1FE4 /* tmdbTests.swift */; };
		7E2A8BD925757FBD001B1FE4 /* tmdbUITests.swift in Sources */ = {isa = PBXBuildFile; fileRef = 7E2A8BD825757FBD001B1FE4 /* tmdbUITests.swift */; };
		7E55DE36258420610098DF35 /* ApiClient.swift in Sources */ = {isa = PBXBuildFile; fileRef = 7E55DE35258420610098DF35 /* ApiClient.swift */; };
		7E55DE4A2584295D0098DF35 /* Network.swift in Sources */ = {isa = PBXBuildFile; fileRef = 7E55DE492584295D0098DF35 /* Network.swift */; };
		7E55DE4F2584299A0098DF35 /* RxAlamofire.swift in Sources */ = {isa = PBXBuildFile; fileRef = 7E55DE4E2584299A0098DF35 /* RxAlamofire.swift */; };
		7E55DE6625855A5C0098DF35 /* Genders.swift in Sources */ = {isa = PBXBuildFile; fileRef = 7E55DE6525855A5C0098DF35 /* Genders.swift */; };
		7ED2ABE2257831C0004CAF23 /* Debug tmdb.xcconfig in Resources */ = {isa = PBXBuildFile; fileRef = 7ED2ABE1257831C0004CAF23 /* Debug tmdb.xcconfig */; };
		7ED2ABE72578322F004CAF23 /* Release tmdb.xcconfig in Resources */ = {isa = PBXBuildFile; fileRef = 7ED2ABE62578322F004CAF23 /* Release tmdb.xcconfig */; };
		7ED2ABEF25783644004CAF23 /* Assets.xcassets in Resources */ = {isa = PBXBuildFile; fileRef = 7ED2ABEE25783644004CAF23 /* Assets.xcassets */; };
		7ED2ABFE257838BA004CAF23 /* Utils.swift in Sources */ = {isa = PBXBuildFile; fileRef = 7ED2ABFD257838BA004CAF23 /* Utils.swift */; };
		7EE2966225981A230011B7A4 /* Person.swift in Sources */ = {isa = PBXBuildFile; fileRef = 7EE2966125981A230011B7A4 /* Person.swift */; };
		7EE29667259823B40011B7A4 /* Movies.swift in Sources */ = {isa = PBXBuildFile; fileRef = 7EE29666259823B40011B7A4 /* Movies.swift */; };
/* End PBXBuildFile section */

/* Begin PBXContainerItemProxy section */
		7E2A8BCA25757FBD001B1FE4 /* PBXContainerItemProxy */ = {
			isa = PBXContainerItemProxy;
			containerPortal = 7E2A8BA825757FB7001B1FE4 /* Project object */;
			proxyType = 1;
			remoteGlobalIDString = 7E2A8BAF25757FB7001B1FE4;
			remoteInfo = tmdb;
		};
		7E2A8BD525757FBD001B1FE4 /* PBXContainerItemProxy */ = {
			isa = PBXContainerItemProxy;
			containerPortal = 7E2A8BA825757FB7001B1FE4 /* Project object */;
			proxyType = 1;
			remoteGlobalIDString = 7E2A8BAF25757FB7001B1FE4;
			remoteInfo = tmdb;
		};
/* End PBXContainerItemProxy section */

/* Begin PBXFileReference section */
		44BED63CBA89702C843E1DEB /* Pods-tmdb.debug.xcconfig */ = {isa = PBXFileReference; includeInIndex = 1; lastKnownFileType = text.xcconfig; name = "Pods-tmdb.debug.xcconfig"; path = "Target Support Files/Pods-tmdb/Pods-tmdb.debug.xcconfig"; sourceTree = "<group>"; };
		7E2A8BB025757FB7001B1FE4 /* tmdb.app */ = {isa = PBXFileReference; explicitFileType = wrapper.application; includeInIndex = 0; path = tmdb.app; sourceTree = BUILT_PRODUCTS_DIR; };
		7E2A8BB325757FB7001B1FE4 /* AppDelegate.swift */ = {isa = PBXFileReference; lastKnownFileType = sourcecode.swift; path = AppDelegate.swift; sourceTree = "<group>"; };
		7E2A8BB525757FB7001B1FE4 /* SceneDelegate.swift */ = {isa = PBXFileReference; lastKnownFileType = sourcecode.swift; path = SceneDelegate.swift; sourceTree = "<group>"; };
		7E2A8BB725757FB7001B1FE4 /* SplashVC.swift */ = {isa = PBXFileReference; lastKnownFileType = sourcecode.swift; path = SplashVC.swift; sourceTree = "<group>"; };
		7E2A8BBA25757FB7001B1FE4 /* Base */ = {isa = PBXFileReference; lastKnownFileType = file.storyboard; name = Base; path = Base.lproj/Splash.storyboard; sourceTree = "<group>"; };
		7E2A8BBD25757FB7001B1FE4 /* tmdb.xcdatamodel */ = {isa = PBXFileReference; lastKnownFileType = wrapper.xcdatamodel; path = tmdb.xcdatamodel; sourceTree = "<group>"; };
		7E2A8BBF25757FBC001B1FE4 /* tmdb.xcassets */ = {isa = PBXFileReference; lastKnownFileType = folder.assetcatalog; path = tmdb.xcassets; sourceTree = "<group>"; };
		7E2A8BC225757FBC001B1FE4 /* Base */ = {isa = PBXFileReference; lastKnownFileType = file.storyboard; name = Base; path = Base.lproj/LaunchScreen.storyboard; sourceTree = "<group>"; };
		7E2A8BC425757FBC001B1FE4 /* Info.plist */ = {isa = PBXFileReference; lastKnownFileType = text.plist.xml; path = Info.plist; sourceTree = "<group>"; };
		7E2A8BC925757FBD001B1FE4 /* tmdbTests.xctest */ = {isa = PBXFileReference; explicitFileType = wrapper.cfbundle; includeInIndex = 0; path = tmdbTests.xctest; sourceTree = BUILT_PRODUCTS_DIR; };
		7E2A8BCD25757FBD001B1FE4 /* tmdbTests.swift */ = {isa = PBXFileReference; lastKnownFileType = sourcecode.swift; path = tmdbTests.swift; sourceTree = "<group>"; };
		7E2A8BCF25757FBD001B1FE4 /* Info.plist */ = {isa = PBXFileReference; lastKnownFileType = text.plist.xml; path = Info.plist; sourceTree = "<group>"; };
		7E2A8BD425757FBD001B1FE4 /* tmdbUITests.xctest */ = {isa = PBXFileReference; explicitFileType = wrapper.cfbundle; includeInIndex = 0; path = tmdbUITests.xctest; sourceTree = BUILT_PRODUCTS_DIR; };
		7E2A8BD825757FBD001B1FE4 /* tmdbUITests.swift */ = {isa = PBXFileReference; lastKnownFileType = sourcecode.swift; path = tmdbUITests.swift; sourceTree = "<group>"; };
		7E2A8BDA25757FBD001B1FE4 /* Info.plist */ = {isa = PBXFileReference; lastKnownFileType = text.plist.xml; path = Info.plist; sourceTree = "<group>"; };
		7E55DE35258420610098DF35 /* ApiClient.swift */ = {isa = PBXFileReference; lastKnownFileType = sourcecode.swift; path = ApiClient.swift; sourceTree = "<group>"; };
		7E55DE492584295D0098DF35 /* Network.swift */ = {isa = PBXFileReference; lastKnownFileType = sourcecode.swift; path = Network.swift; sourceTree = "<group>"; };
		7E55DE4E2584299A0098DF35 /* RxAlamofire.swift */ = {isa = PBXFileReference; lastKnownFileType = sourcecode.swift; path = RxAlamofire.swift; sourceTree = "<group>"; };
		7E55DE6525855A5C0098DF35 /* Genders.swift */ = {isa = PBXFileReference; lastKnownFileType = sourcecode.swift; path = Genders.swift; sourceTree = "<group>"; };
		7ED2ABE1257831C0004CAF23 /* Debug tmdb.xcconfig */ = {isa = PBXFileReference; lastKnownFileType = text.xcconfig; path = "Debug tmdb.xcconfig"; sourceTree = "<group>"; };
		7ED2ABE62578322F004CAF23 /* Release tmdb.xcconfig */ = {isa = PBXFileReference; lastKnownFileType = text.xcconfig; path = "Release tmdb.xcconfig"; sourceTree = "<group>"; };
		7ED2ABEE25783644004CAF23 /* Assets.xcassets */ = {isa = PBXFileReference; lastKnownFileType = folder.assetcatalog; path = Assets.xcassets; sourceTree = "<group>"; };
		7ED2ABFD257838BA004CAF23 /* Utils.swift */ = {isa = PBXFileReference; lastKnownFileType = sourcecode.swift; path = Utils.swift; sourceTree = "<group>"; };
		7EE2966125981A230011B7A4 /* Person.swift */ = {isa = PBXFileReference; lastKnownFileType = sourcecode.swift; path = Person.swift; sourceTree = "<group>"; };
		7EE29666259823B40011B7A4 /* Movies.swift */ = {isa = PBXFileReference; lastKnownFileType = sourcecode.swift; path = Movies.swift; sourceTree = "<group>"; };
		95CADFE596501F31A74DFF96 /* Pods-tmdb.release.xcconfig */ = {isa = PBXFileReference; includeInIndex = 1; lastKnownFileType = text.xcconfig; name = "Pods-tmdb.release.xcconfig"; path = "Target Support Files/Pods-tmdb/Pods-tmdb.release.xcconfig"; sourceTree = "<group>"; };
		D3C88427DFEDE64BC1080BE5 /* Pods_tmdb.framework */ = {isa = PBXFileReference; explicitFileType = wrapper.framework; includeInIndex = 0; path = Pods_tmdb.framework; sourceTree = BUILT_PRODUCTS_DIR; };
/* End PBXFileReference section */

/* Begin PBXFrameworksBuildPhase section */
		7E2A8BAD25757FB7001B1FE4 /* Frameworks */ = {
			isa = PBXFrameworksBuildPhase;
			buildActionMask = 2147483647;
			files = (
				10425482676DE805797C779B /* Pods_tmdb.framework in Frameworks */,
			);
			runOnlyForDeploymentPostprocessing = 0;
		};
		7E2A8BC625757FBD001B1FE4 /* Frameworks */ = {
			isa = PBXFrameworksBuildPhase;
			buildActionMask = 2147483647;
			files = (
			);
			runOnlyForDeploymentPostprocessing = 0;
		};
		7E2A8BD125757FBD001B1FE4 /* Frameworks */ = {
			isa = PBXFrameworksBuildPhase;
			buildActionMask = 2147483647;
			files = (
			);
			runOnlyForDeploymentPostprocessing = 0;
		};
/* End PBXFrameworksBuildPhase section */

/* Begin PBXGroup section */
		03B2259303EB03D250A9C48A /* Pods */ = {
			isa = PBXGroup;
			children = (
				44BED63CBA89702C843E1DEB /* Pods-tmdb.debug.xcconfig */,
				95CADFE596501F31A74DFF96 /* Pods-tmdb.release.xcconfig */,
			);
			path = Pods;
			sourceTree = "<group>";
		};
		4BA70909FA32D5E8799C7D45 /* Frameworks */ = {
			isa = PBXGroup;
			children = (
				D3C88427DFEDE64BC1080BE5 /* Pods_tmdb.framework */,
			);
			name = Frameworks;
			sourceTree = "<group>";
		};
		7E2A8BA725757FB7001B1FE4 = {
			isa = PBXGroup;
			children = (
				7ED2ABD125782CDB004CAF23 /* Resources */,
				7E2A8BB225757FB7001B1FE4 /* tmdb */,
				7E2A8BCC25757FBD001B1FE4 /* tmdbTests */,
				7E2A8BD725757FBD001B1FE4 /* tmdbUITests */,
				7E2A8BB125757FB7001B1FE4 /* Products */,
				03B2259303EB03D250A9C48A /* Pods */,
				4BA70909FA32D5E8799C7D45 /* Frameworks */,
			);
			sourceTree = "<group>";
		};
		7E2A8BB125757FB7001B1FE4 /* Products */ = {
			isa = PBXGroup;
			children = (
				7E2A8BB025757FB7001B1FE4 /* tmdb.app */,
				7E2A8BC925757FBD001B1FE4 /* tmdbTests.xctest */,
				7E2A8BD425757FBD001B1FE4 /* tmdbUITests.xctest */,
			);
			name = Products;
			sourceTree = "<group>";
		};
		7E2A8BB225757FB7001B1FE4 /* tmdb */ = {
			isa = PBXGroup;
			children = (
				7E2A8BBF25757FBC001B1FE4 /* tmdb.xcassets */,
				7E2A8BC125757FBC001B1FE4 /* LaunchScreen.storyboard */,
				7E2A8BC425757FBC001B1FE4 /* Info.plist */,
				7E2A8BBC25757FB7001B1FE4 /* tmdb.xcdatamodeld */,
				7ED2ABE1257831C0004CAF23 /* Debug tmdb.xcconfig */,
				7ED2ABE62578322F004CAF23 /* Release tmdb.xcconfig */,
			);
			path = tmdb;
			sourceTree = "<group>";
		};
		7E2A8BCC25757FBD001B1FE4 /* tmdbTests */ = {
			isa = PBXGroup;
			children = (
				7E2A8BCD25757FBD001B1FE4 /* tmdbTests.swift */,
				7E2A8BCF25757FBD001B1FE4 /* Info.plist */,
			);
			path = tmdbTests;
			sourceTree = "<group>";
		};
		7E2A8BD725757FBD001B1FE4 /* tmdbUITests */ = {
			isa = PBXGroup;
			children = (
				7E2A8BD825757FBD001B1FE4 /* tmdbUITests.swift */,
				7E2A8BDA25757FBD001B1FE4 /* Info.plist */,
			);
			path = tmdbUITests;
			sourceTree = "<group>";
		};
		7E55DE34258420420098DF35 /* Api */ = {
			isa = PBXGroup;
			children = (
				7E55DE35258420610098DF35 /* ApiClient.swift */,
				7E55DE492584295D0098DF35 /* Network.swift */,
				7E55DE4E2584299A0098DF35 /* RxAlamofire.swift */,
			);
			path = Api;
			sourceTree = "<group>";
		};
		7E55DE5F258552D20098DF35 /* Models */ = {
			isa = PBXGroup;
			children = (
				7E55DE6525855A5C0098DF35 /* Genders.swift */,
				7EE2966125981A230011B7A4 /* Person.swift */,
				7EE29666259823B40011B7A4 /* Movies.swift */,
			);
			path = Models;
			sourceTree = "<group>";
		};
		7ED2ABD125782CDB004CAF23 /* Resources */ = {
			isa = PBXGroup;
			children = (
				7E55DE34258420420098DF35 /* Api */,
				7ED2ABFC2578388C004CAF23 /* Utils */,
				7ED2ABD225782D87004CAF23 /* Splash */,
				7E55DE5F258552D20098DF35 /* Models */,
				7E2A8BB325757FB7001B1FE4 /* AppDelegate.swift */,
				7E2A8BB525757FB7001B1FE4 /* SceneDelegate.swift */,
				7ED2ABEE25783644004CAF23 /* Assets.xcassets */,
			);
			path = Resources;
			sourceTree = "<group>";
		};
		7ED2ABD225782D87004CAF23 /* Splash */ = {
			isa = PBXGroup;
			children = (
				7E2A8BB725757FB7001B1FE4 /* SplashVC.swift */,
				7E2A8BB925757FB7001B1FE4 /* Splash.storyboard */,
			);
			path = Splash;
			sourceTree = "<group>";
		};
		7ED2ABFC2578388C004CAF23 /* Utils */ = {
			isa = PBXGroup;
			children = (
				7ED2ABFD257838BA004CAF23 /* Utils.swift */,
			);
			path = Utils;
			sourceTree = "<group>";
		};
/* End PBXGroup section */

/* Begin PBXNativeTarget section */
		7E2A8BAF25757FB7001B1FE4 /* tmdb */ = {
			isa = PBXNativeTarget;
			buildConfigurationList = 7E2A8BDD25757FBD001B1FE4 /* Build configuration list for PBXNativeTarget "tmdb" */;
			buildPhases = (
				D2AA0B0B39E3351B7B1B13F5 /* [CP] Check Pods Manifest.lock */,
				7E2A8BAC25757FB7001B1FE4 /* Sources */,
				7E2A8BAD25757FB7001B1FE4 /* Frameworks */,
				7E2A8BAE25757FB7001B1FE4 /* Resources */,
				811961AD5F45F2A5E7909EB9 /* [CP] Embed Pods Frameworks */,
			);
			buildRules = (
			);
			dependencies = (
			);
			name = tmdb;
			productName = tmdb;
			productReference = 7E2A8BB025757FB7001B1FE4 /* tmdb.app */;
			productType = "com.apple.product-type.application";
		};
		7E2A8BC825757FBD001B1FE4 /* tmdbTests */ = {
			isa = PBXNativeTarget;
			buildConfigurationList = 7E2A8BE025757FBD001B1FE4 /* Build configuration list for PBXNativeTarget "tmdbTests" */;
			buildPhases = (
				7E2A8BC525757FBD001B1FE4 /* Sources */,
				7E2A8BC625757FBD001B1FE4 /* Frameworks */,
				7E2A8BC725757FBD001B1FE4 /* Resources */,
			);
			buildRules = (
			);
			dependencies = (
				7E2A8BCB25757FBD001B1FE4 /* PBXTargetDependency */,
			);
			name = tmdbTests;
			productName = tmdbTests;
			productReference = 7E2A8BC925757FBD001B1FE4 /* tmdbTests.xctest */;
			productType = "com.apple.product-type.bundle.unit-test";
		};
		7E2A8BD325757FBD001B1FE4 /* tmdbUITests */ = {
			isa = PBXNativeTarget;
			buildConfigurationList = 7E2A8BE325757FBD001B1FE4 /* Build configuration list for PBXNativeTarget "tmdbUITests" */;
			buildPhases = (
				7E2A8BD025757FBD001B1FE4 /* Sources */,
				7E2A8BD125757FBD001B1FE4 /* Frameworks */,
				7E2A8BD225757FBD001B1FE4 /* Resources */,
			);
			buildRules = (
			);
			dependencies = (
				7E2A8BD625757FBD001B1FE4 /* PBXTargetDependency */,
			);
			name = tmdbUITests;
			productName = tmdbUITests;
			productReference = 7E2A8BD425757FBD001B1FE4 /* tmdbUITests.xctest */;
			productType = "com.apple.product-type.bundle.ui-testing";
		};
/* End PBXNativeTarget section */

/* Begin PBXProject section */
		7E2A8BA825757FB7001B1FE4 /* Project object */ = {
			isa = PBXProject;
			attributes = {
				LastSwiftUpdateCheck = 1220;
				LastUpgradeCheck = 1220;
				TargetAttributes = {
					7E2A8BAF25757FB7001B1FE4 = {
						CreatedOnToolsVersion = 12.2;
					};
					7E2A8BC825757FBD001B1FE4 = {
						CreatedOnToolsVersion = 12.2;
						TestTargetID = 7E2A8BAF25757FB7001B1FE4;
					};
					7E2A8BD325757FBD001B1FE4 = {
						CreatedOnToolsVersion = 12.2;
						TestTargetID = 7E2A8BAF25757FB7001B1FE4;
					};
				};
			};
			buildConfigurationList = 7E2A8BAB25757FB7001B1FE4 /* Build configuration list for PBXProject "tmdb" */;
			compatibilityVersion = "Xcode 9.3";
			developmentRegion = en;
			hasScannedForEncodings = 0;
			knownRegions = (
				en,
				Base,
			);
			mainGroup = 7E2A8BA725757FB7001B1FE4;
			productRefGroup = 7E2A8BB125757FB7001B1FE4 /* Products */;
			projectDirPath = "";
			projectRoot = "";
			targets = (
				7E2A8BAF25757FB7001B1FE4 /* tmdb */,
				7E2A8BC825757FBD001B1FE4 /* tmdbTests */,
				7E2A8BD325757FBD001B1FE4 /* tmdbUITests */,
			);
		};
/* End PBXProject section */

/* Begin PBXResourcesBuildPhase section */
		7E2A8BAE25757FB7001B1FE4 /* Resources */ = {
			isa = PBXResourcesBuildPhase;
			buildActionMask = 2147483647;
			files = (
				7E2A8BC325757FBC001B1FE4 /* LaunchScreen.storyboard in Resources */,
				7E2A8BC025757FBC001B1FE4 /* tmdb.xcassets in Resources */,
				7ED2ABE72578322F004CAF23 /* Release tmdb.xcconfig in Resources */,
				7E2A8BBB25757FB7001B1FE4 /* Splash.storyboard in Resources */,
				7ED2ABEF25783644004CAF23 /* Assets.xcassets in Resources */,
				7ED2ABE2257831C0004CAF23 /* Debug tmdb.xcconfig in Resources */,
			);
			runOnlyForDeploymentPostprocessing = 0;
		};
		7E2A8BC725757FBD001B1FE4 /* Resources */ = {
			isa = PBXResourcesBuildPhase;
			buildActionMask = 2147483647;
			files = (
			);
			runOnlyForDeploymentPostprocessing = 0;
		};
		7E2A8BD225757FBD001B1FE4 /* Resources */ = {
			isa = PBXResourcesBuildPhase;
			buildActionMask = 2147483647;
			files = (
			);
			runOnlyForDeploymentPostprocessing = 0;
		};
/* End PBXResourcesBuildPhase section */

/* Begin PBXShellScriptBuildPhase section */
		811961AD5F45F2A5E7909EB9 /* [CP] Embed Pods Frameworks */ = {
			isa = PBXShellScriptBuildPhase;
			buildActionMask = 2147483647;
			files = (
			);
			inputFileListPaths = (
				"${PODS_ROOT}/Target Support Files/Pods-tmdb/Pods-tmdb-frameworks-${CONFIGURATION}-input-files.xcfilelist",
			);
			name = "[CP] Embed Pods Frameworks";
			outputFileListPaths = (
				"${PODS_ROOT}/Target Support Files/Pods-tmdb/Pods-tmdb-frameworks-${CONFIGURATION}-output-files.xcfilelist",
			);
			runOnlyForDeploymentPostprocessing = 0;
			shellPath = /bin/sh;
			shellScript = "\"${PODS_ROOT}/Target Support Files/Pods-tmdb/Pods-tmdb-frameworks.sh\"\n";
			showEnvVarsInLog = 0;
		};
		D2AA0B0B39E3351B7B1B13F5 /* [CP] Check Pods Manifest.lock */ = {
			isa = PBXShellScriptBuildPhase;
			buildActionMask = 2147483647;
			files = (
			);
			inputFileListPaths = (
			);
			inputPaths = (
				"${PODS_PODFILE_DIR_PATH}/Podfile.lock",
				"${PODS_ROOT}/Manifest.lock",
			);
			name = "[CP] Check Pods Manifest.lock";
			outputFileListPaths = (
			);
			outputPaths = (
				"$(DERIVED_FILE_DIR)/Pods-tmdb-checkManifestLockResult.txt",
			);
			runOnlyForDeploymentPostprocessing = 0;
			shellPath = /bin/sh;
			shellScript = "diff \"${PODS_PODFILE_DIR_PATH}/Podfile.lock\" \"${PODS_ROOT}/Manifest.lock\" > /dev/null\nif [ $? != 0 ] ; then\n    # print error to STDERR\n    echo \"error: The sandbox is not in sync with the Podfile.lock. Run 'pod install' or update your CocoaPods installation.\" >&2\n    exit 1\nfi\n# This output is used by Xcode 'outputs' to avoid re-running this script phase.\necho \"SUCCESS\" > \"${SCRIPT_OUTPUT_FILE_0}\"\n";
			showEnvVarsInLog = 0;
		};
/* End PBXShellScriptBuildPhase section */

/* Begin PBXSourcesBuildPhase section */
		7E2A8BAC25757FB7001B1FE4 /* Sources */ = {
			isa = PBXSourcesBuildPhase;
			buildActionMask = 2147483647;
			files = (
				7EE2966225981A230011B7A4 /* Person.swift in Sources */,
				7EE29667259823B40011B7A4 /* Movies.swift in Sources */,
				7ED2ABFE257838BA004CAF23 /* Utils.swift in Sources */,
				7E2A8BBE25757FB7001B1FE4 /* tmdb.xcdatamodeld in Sources */,
				7E2A8BB825757FB7001B1FE4 /* SplashVC.swift in Sources */,
				7E2A8BB425757FB7001B1FE4 /* AppDelegate.swift in Sources */,
				7E2A8BB625757FB7001B1FE4 /* SceneDelegate.swift in Sources */,
				7E55DE6625855A5C0098DF35 /* Genders.swift in Sources */,
				7E55DE4A2584295D0098DF35 /* Network.swift in Sources */,
				7E55DE4F2584299A0098DF35 /* RxAlamofire.swift in Sources */,
				7E55DE36258420610098DF35 /* ApiClient.swift in Sources */,
			);
			runOnlyForDeploymentPostprocessing = 0;
		};
		7E2A8BC525757FBD001B1FE4 /* Sources */ = {
			isa = PBXSourcesBuildPhase;
			buildActionMask = 2147483647;
			files = (
				7E2A8BCE25757FBD001B1FE4 /* tmdbTests.swift in Sources */,
			);
			runOnlyForDeploymentPostprocessing = 0;
		};
		7E2A8BD025757FBD001B1FE4 /* Sources */ = {
			isa = PBXSourcesBuildPhase;
			buildActionMask = 2147483647;
			files = (
				7E2A8BD925757FBD001B1FE4 /* tmdbUITests.swift in Sources */,
			);
			runOnlyForDeploymentPostprocessing = 0;
		};
/* End PBXSourcesBuildPhase section */

/* Begin PBXTargetDependency section */
		7E2A8BCB25757FBD001B1FE4 /* PBXTargetDependency */ = {
			isa = PBXTargetDependency;
			target = 7E2A8BAF25757FB7001B1FE4 /* tmdb */;
			targetProxy = 7E2A8BCA25757FBD001B1FE4 /* PBXContainerItemProxy */;
		};
		7E2A8BD625757FBD001B1FE4 /* PBXTargetDependency */ = {
			isa = PBXTargetDependency;
			target = 7E2A8BAF25757FB7001B1FE4 /* tmdb */;
			targetProxy = 7E2A8BD525757FBD001B1FE4 /* PBXContainerItemProxy */;
		};
/* End PBXTargetDependency section */

/* Begin PBXVariantGroup section */
		7E2A8BB925757FB7001B1FE4 /* Splash.storyboard */ = {
			isa = PBXVariantGroup;
			children = (
				7E2A8BBA25757FB7001B1FE4 /* Base */,
			);
			name = Splash.storyboard;
			sourceTree = "<group>";
		};
		7E2A8BC125757FBC001B1FE4 /* LaunchScreen.storyboard */ = {
			isa = PBXVariantGroup;
			children = (
				7E2A8BC225757FBC001B1FE4 /* Base */,
			);
			name = LaunchScreen.storyboard;
			sourceTree = "<group>";
		};
/* End PBXVariantGroup section */

/* Begin XCBuildConfiguration section */
		7E2A8BDB25757FBD001B1FE4 /* Debug */ = {
			isa = XCBuildConfiguration;
			buildSettings = {
				ALWAYS_SEARCH_USER_PATHS = NO;
				CLANG_ANALYZER_NONNULL = YES;
				CLANG_ANALYZER_NUMBER_OBJECT_CONVERSION = YES_AGGRESSIVE;
				CLANG_CXX_LANGUAGE_STANDARD = "gnu++14";
				CLANG_CXX_LIBRARY = "libc++";
				CLANG_ENABLE_MODULES = YES;
				CLANG_ENABLE_OBJC_ARC = YES;
				CLANG_ENABLE_OBJC_WEAK = YES;
				CLANG_WARN_BLOCK_CAPTURE_AUTORELEASING = YES;
				CLANG_WARN_BOOL_CONVERSION = YES;
				CLANG_WARN_COMMA = YES;
				CLANG_WARN_CONSTANT_CONVERSION = YES;
				CLANG_WARN_DEPRECATED_OBJC_IMPLEMENTATIONS = YES;
				CLANG_WARN_DIRECT_OBJC_ISA_USAGE = YES_ERROR;
				CLANG_WARN_DOCUMENTATION_COMMENTS = YES;
				CLANG_WARN_EMPTY_BODY = YES;
				CLANG_WARN_ENUM_CONVERSION = YES;
				CLANG_WARN_INFINITE_RECURSION = YES;
				CLANG_WARN_INT_CONVERSION = YES;
				CLANG_WARN_NON_LITERAL_NULL_CONVERSION = YES;
				CLANG_WARN_OBJC_IMPLICIT_RETAIN_SELF = YES;
				CLANG_WARN_OBJC_LITERAL_CONVERSION = YES;
				CLANG_WARN_OBJC_ROOT_CLASS = YES_ERROR;
				CLANG_WARN_QUOTED_INCLUDE_IN_FRAMEWORK_HEADER = YES;
				CLANG_WARN_RANGE_LOOP_ANALYSIS = YES;
				CLANG_WARN_STRICT_PROTOTYPES = YES;
				CLANG_WARN_SUSPICIOUS_MOVE = YES;
				CLANG_WARN_UNGUARDED_AVAILABILITY = YES_AGGRESSIVE;
				CLANG_WARN_UNREACHABLE_CODE = YES;
				CLANG_WARN__DUPLICATE_METHOD_MATCH = YES;
				COPY_PHASE_STRIP = NO;
				DEBUG_INFORMATION_FORMAT = dwarf;
				ENABLE_STRICT_OBJC_MSGSEND = YES;
				ENABLE_TESTABILITY = YES;
				GCC_C_LANGUAGE_STANDARD = gnu11;
				GCC_DYNAMIC_NO_PIC = NO;
				GCC_NO_COMMON_BLOCKS = YES;
				GCC_OPTIMIZATION_LEVEL = 0;
				GCC_PREPROCESSOR_DEFINITIONS = (
					"DEBUG=1",
					"$(inherited)",
				);
				GCC_WARN_64_TO_32_BIT_CONVERSION = YES;
				GCC_WARN_ABOUT_RETURN_TYPE = YES_ERROR;
				GCC_WARN_UNDECLARED_SELECTOR = YES;
				GCC_WARN_UNINITIALIZED_AUTOS = YES_AGGRESSIVE;
				GCC_WARN_UNUSED_FUNCTION = YES;
				GCC_WARN_UNUSED_VARIABLE = YES;
				IPHONEOS_DEPLOYMENT_TARGET = 14.2;
				MTL_ENABLE_DEBUG_INFO = INCLUDE_SOURCE;
				MTL_FAST_MATH = YES;
				ONLY_ACTIVE_ARCH = YES;
				SDKROOT = iphoneos;
				SWIFT_ACTIVE_COMPILATION_CONDITIONS = DEBUG;
				SWIFT_OPTIMIZATION_LEVEL = "-Onone";
			};
			name = Debug;
		};
		7E2A8BDC25757FBD001B1FE4 /* Release */ = {
			isa = XCBuildConfiguration;
			buildSettings = {
				ALWAYS_SEARCH_USER_PATHS = NO;
				CLANG_ANALYZER_NONNULL = YES;
				CLANG_ANALYZER_NUMBER_OBJECT_CONVERSION = YES_AGGRESSIVE;
				CLANG_CXX_LANGUAGE_STANDARD = "gnu++14";
				CLANG_CXX_LIBRARY = "libc++";
				CLANG_ENABLE_MODULES = YES;
				CLANG_ENABLE_OBJC_ARC = YES;
				CLANG_ENABLE_OBJC_WEAK = YES;
				CLANG_WARN_BLOCK_CAPTURE_AUTORELEASING = YES;
				CLANG_WARN_BOOL_CONVERSION = YES;
				CLANG_WARN_COMMA = YES;
				CLANG_WARN_CONSTANT_CONVERSION = YES;
				CLANG_WARN_DEPRECATED_OBJC_IMPLEMENTATIONS = YES;
				CLANG_WARN_DIRECT_OBJC_ISA_USAGE = YES_ERROR;
				CLANG_WARN_DOCUMENTATION_COMMENTS = YES;
				CLANG_WARN_EMPTY_BODY = YES;
				CLANG_WARN_ENUM_CONVERSION = YES;
				CLANG_WARN_INFINITE_RECURSION = YES;
				CLANG_WARN_INT_CONVERSION = YES;
				CLANG_WARN_NON_LITERAL_NULL_CONVERSION = YES;
				CLANG_WARN_OBJC_IMPLICIT_RETAIN_SELF = YES;
				CLANG_WARN_OBJC_LITERAL_CONVERSION = YES;
				CLANG_WARN_OBJC_ROOT_CLASS = YES_ERROR;
				CLANG_WARN_QUOTED_INCLUDE_IN_FRAMEWORK_HEADER = YES;
				CLANG_WARN_RANGE_LOOP_ANALYSIS = YES;
				CLANG_WARN_STRICT_PROTOTYPES = YES;
				CLANG_WARN_SUSPICIOUS_MOVE = YES;
				CLANG_WARN_UNGUARDED_AVAILABILITY = YES_AGGRESSIVE;
				CLANG_WARN_UNREACHABLE_CODE = YES;
				CLANG_WARN__DUPLICATE_METHOD_MATCH = YES;
				COPY_PHASE_STRIP = NO;
				DEBUG_INFORMATION_FORMAT = "dwarf-with-dsym";
				ENABLE_NS_ASSERTIONS = NO;
				ENABLE_STRICT_OBJC_MSGSEND = YES;
				GCC_C_LANGUAGE_STANDARD = gnu11;
				GCC_NO_COMMON_BLOCKS = YES;
				GCC_WARN_64_TO_32_BIT_CONVERSION = YES;
				GCC_WARN_ABOUT_RETURN_TYPE = YES_ERROR;
				GCC_WARN_UNDECLARED_SELECTOR = YES;
				GCC_WARN_UNINITIALIZED_AUTOS = YES_AGGRESSIVE;
				GCC_WARN_UNUSED_FUNCTION = YES;
				GCC_WARN_UNUSED_VARIABLE = YES;
				IPHONEOS_DEPLOYMENT_TARGET = 14.2;
				MTL_ENABLE_DEBUG_INFO = NO;
				MTL_FAST_MATH = YES;
				SDKROOT = iphoneos;
				SWIFT_COMPILATION_MODE = wholemodule;
				SWIFT_OPTIMIZATION_LEVEL = "-O";
				VALIDATE_PRODUCT = YES;
			};
			name = Release;
		};
		7E2A8BDE25757FBD001B1FE4 /* Debug */ = {
			isa = XCBuildConfiguration;
			baseConfigurationReference = 44BED63CBA89702C843E1DEB /* Pods-tmdb.debug.xcconfig */;
			buildSettings = {
				ASSETCATALOG_COMPILER_APPICON_NAME = AppIcon;
				ASSETCATALOG_COMPILER_GLOBAL_ACCENT_COLOR_NAME = AccentColor;
				CODE_SIGN_STYLE = Automatic;
				DEVELOPMENT_TEAM = 5ZHGGQX886;
				INFOPLIST_FILE = tmdb/Info.plist;
				LD_RUNPATH_SEARCH_PATHS = (
					"$(inherited)",
					"@executable_path/Frameworks",
				);
				PRODUCT_BUNDLE_IDENTIFIER = com.github.midros.ios.tmdb;
				PRODUCT_NAME = "$(TARGET_NAME)";
				SWIFT_VERSION = 5.0;
				TARGETED_DEVICE_FAMILY = "1,2";
			};
			name = Debug;
		};
		7E2A8BDF25757FBD001B1FE4 /* Release */ = {
			isa = XCBuildConfiguration;
			baseConfigurationReference = 95CADFE596501F31A74DFF96 /* Pods-tmdb.release.xcconfig */;
			buildSettings = {
				ASSETCATALOG_COMPILER_APPICON_NAME = AppIcon;
				ASSETCATALOG_COMPILER_GLOBAL_ACCENT_COLOR_NAME = AccentColor;
				CODE_SIGN_STYLE = Automatic;
				DEVELOPMENT_TEAM = 5ZHGGQX886;
				INFOPLIST_FILE = tmdb/Info.plist;
				LD_RUNPATH_SEARCH_PATHS = (
					"$(inherited)",
					"@executable_path/Frameworks",
				);
				PRODUCT_BUNDLE_IDENTIFIER = com.github.midros.ios.tmdb;
				PRODUCT_NAME = "$(TARGET_NAME)";
				SWIFT_VERSION = 5.0;
				TARGETED_DEVICE_FAMILY = "1,2";
			};
			name = Release;
		};
		7E2A8BE125757FBD001B1FE4 /* Debug */ = {
			isa = XCBuildConfiguration;
			buildSettings = {
				ALWAYS_EMBED_SWIFT_STANDARD_LIBRARIES = YES;
				BUNDLE_LOADER = "$(TEST_HOST)";
				CODE_SIGN_STYLE = Automatic;
				DEVELOPMENT_TEAM = 5ZHGGQX886;
				INFOPLIST_FILE = tmdbTests/Info.plist;
				IPHONEOS_DEPLOYMENT_TARGET = 14.2;
				LD_RUNPATH_SEARCH_PATHS = (
					"$(inherited)",
					"@executable_path/Frameworks",
					"@loader_path/Frameworks",
				);
				PRODUCT_BUNDLE_IDENTIFIER = com.github.midros.ios.tmdbTests;
				PRODUCT_NAME = "$(TARGET_NAME)";
				SWIFT_VERSION = 5.0;
				TARGETED_DEVICE_FAMILY = "1,2";
				TEST_HOST = "$(BUILT_PRODUCTS_DIR)/tmdb.app/tmdb";
			};
			name = Debug;
		};
		7E2A8BE225757FBD001B1FE4 /* Release */ = {
			isa = XCBuildConfiguration;
			buildSettings = {
				ALWAYS_EMBED_SWIFT_STANDARD_LIBRARIES = YES;
				BUNDLE_LOADER = "$(TEST_HOST)";
				CODE_SIGN_STYLE = Automatic;
				DEVELOPMENT_TEAM = 5ZHGGQX886;
				INFOPLIST_FILE = tmdbTests/Info.plist;
				IPHONEOS_DEPLOYMENT_TARGET = 14.2;
				LD_RUNPATH_SEARCH_PATHS = (
					"$(inherited)",
					"@executable_path/Frameworks",
					"@loader_path/Frameworks",
				);
				PRODUCT_BUNDLE_IDENTIFIER = com.github.midros.ios.tmdbTests;
				PRODUCT_NAME = "$(TARGET_NAME)";
				SWIFT_VERSION = 5.0;
				TARGETED_DEVICE_FAMILY = "1,2";
				TEST_HOST = "$(BUILT_PRODUCTS_DIR)/tmdb.app/tmdb";
			};
			name = Release;
		};
		7E2A8BE425757FBD001B1FE4 /* Debug */ = {
			isa = XCBuildConfiguration;
			buildSettings = {
				ALWAYS_EMBED_SWIFT_STANDARD_LIBRARIES = YES;
				CODE_SIGN_STYLE = Automatic;
				DEVELOPMENT_TEAM = 5ZHGGQX886;
				INFOPLIST_FILE = tmdbUITests/Info.plist;
				LD_RUNPATH_SEARCH_PATHS = (
					"$(inherited)",
					"@executable_path/Frameworks",
					"@loader_path/Frameworks",
				);
				PRODUCT_BUNDLE_IDENTIFIER = com.github.midros.ios.tmdbUITests;
				PRODUCT_NAME = "$(TARGET_NAME)";
				SWIFT_VERSION = 5.0;
				TARGETED_DEVICE_FAMILY = "1,2";
				TEST_TARGET_NAME = tmdb;
			};
			name = Debug;
		};
		7E2A8BE525757FBD001B1FE4 /* Release */ = {
			isa = XCBuildConfiguration;
			buildSettings = {
				ALWAYS_EMBED_SWIFT_STANDARD_LIBRARIES = YES;
				CODE_SIGN_STYLE = Automatic;
				DEVELOPMENT_TEAM = 5ZHGGQX886;
				INFOPLIST_FILE = tmdbUITests/Info.plist;
				LD_RUNPATH_SEARCH_PATHS = (
					"$(inherited)",
					"@executable_path/Frameworks",
					"@loader_path/Frameworks",
				);
				PRODUCT_BUNDLE_IDENTIFIER = com.github.midros.ios.tmdbUITests;
				PRODUCT_NAME = "$(TARGET_NAME)";
				SWIFT_VERSION = 5.0;
				TARGETED_DEVICE_FAMILY = "1,2";
				TEST_TARGET_NAME = tmdb;
			};
			name = Release;
		};
/* End XCBuildConfiguration section */

/* Begin XCConfigurationList section */
		7E2A8BAB25757FB7001B1FE4 /* Build configuration list for PBXProject "tmdb" */ = {
			isa = XCConfigurationList;
			buildConfigurations = (
				7E2A8BDB25757FBD001B1FE4 /* Debug */,
				7E2A8BDC25757FBD001B1FE4 /* Release */,
			);
			defaultConfigurationIsVisible = 0;
			defaultConfigurationName = Release;
		};
		7E2A8BDD25757FBD001B1FE4 /* Build configuration list for PBXNativeTarget "tmdb" */ = {
			isa = XCConfigurationList;
			buildConfigurations = (
				7E2A8BDE25757FBD001B1FE4 /* Debug */,
				7E2A8BDF25757FBD001B1FE4 /* Release */,
			);
			defaultConfigurationIsVisible = 0;
			defaultConfigurationName = Release;
		};
		7E2A8BE025757FBD001B1FE4 /* Build configuration list for PBXNativeTarget "tmdbTests" */ = {
			isa = XCConfigurationList;
			buildConfigurations = (
				7E2A8BE125757FBD001B1FE4 /* Debug */,
				7E2A8BE225757FBD001B1FE4 /* Release */,
			);
			defaultConfigurationIsVisible = 0;
			defaultConfigurationName = Release;
		};
		7E2A8BE325757FBD001B1FE4 /* Build configuration list for PBXNativeTarget "tmdbUITests" */ = {
			isa = XCConfigurationList;
			buildConfigurations = (
				7E2A8BE425757FBD001B1FE4 /* Debug */,
				7E2A8BE525757FBD001B1FE4 /* Release */,
			);
			defaultConfigurationIsVisible = 0;
			defaultConfigurationName = Release;
		};
/* End XCConfigurationList section */

/* Begin XCVersionGroup section */
		7E2A8BBC25757FB7001B1FE4 /* tmdb.xcdatamodeld */ = {
			isa = XCVersionGroup;
			children = (
				7E2A8BBD25757FB7001B1FE4 /* tmdb.xcdatamodel */,
			);
			currentVersion = 7E2A8BBD25757FB7001B1FE4 /* tmdb.xcdatamodel */;
			path = tmdb.xcdatamodeld;
			sourceTree = "<group>";
			versionGroupType = wrapper.xcdatamodel;
		};
/* End XCVersionGroup section */
	};
	rootObject = 7E2A8BA825757FB7001B1FE4 /* Project object */;
}
