PODS:
  - Alamofire (5.2.1)
  - IQKeyboardManagerSwift (6.5.5)
  - Motion (3.1.3):
    - Motion/Core (= 3.1.3)
  - Motion/Core (3.1.3)
  - NVActivityIndicatorView (4.8.0):
    - NVActivityIndicatorView/Presenter (= 4.8.0)
  - NVActivityIndicatorView/Presenter (4.8.0)
  - Toast-Swift (4.0.1)

DEPENDENCIES:
  - Alamofire
  - IQKeyboardManagerSwift
  - Motion
  - NVActivityIndicatorView (~> 4.8.0)
  - Toast-Swift (~> 4.0.1)

SPEC REPOS:
  https://github.com/CocoaPods/Specs.git:
    - Alamofire
    - IQKeyboardManagerSwift
    - Motion
    - NVActivityIndicatorView
    - Toast-Swift

SPEC CHECKSUMS:
  Alamofire: e911732990610fe89af59ac0077f923d72dc3dfd
  IQKeyboardManagerSwift: 0fb93310284665245591f50f7a5e38de615960b7
  Motion: cf1e060e489f6661126374d5c60dbd2ed991605c
  NVActivityIndicatorView: d24b7ebcf80af5dcd994adb650e2b6c93379270f
  Toast-Swift: e42a638589a2f95036b4bb7626cfbdde7daf0393

PODFILE CHECKSUM: debb87677a01727acea5755434c7f234ad6d99f6

COCOAPODS: 1.9.3
